
Microsoft Visual Studio Solution File, Format Version 12.00
# Visual Studio Version 17
VisualStudioVersion = 17.0.31903.59
MinimumVisualStudioVersion = 10.0.40219.1
Project("{9A19103F-16F7-4668-BE54-9A1E7A4F7556}") = "UnitTests", "tests\UnitTests\UnitTests.csproj", "{C35F3D7A-F1E4-4FA3-B6C4-6A37FC9FEDDF}"
EndProject
Project("{9A19103F-16F7-4668-BE54-9A1E7A4F7556}") = "JavaCompiler", "src\JavaCompiler\JavaCompiler.csproj", "{541078E6-A11F-419F-BCCF-6E9AAFC24BD5}"
EndProject
Project("{9A19103F-16F7-4668-BE54-9A1E7A4F7556}") = "MyJavaTest", "src\MyJavaTest\MyJavaTest.csproj", "{2BE7386F-2677-48BB-A6CD-6A64336B013C}"
EndProject
Project("{9A19103F-16F7-4668-BE54-9A1E7A4F7556}") = "MyJavaTest.WpfClient", "src\MyJavaTest.WpfClient\MyJavaTest.WpfClient.csproj", "{1F8BF2D2-1BA6-4F4B-B8D5-E3A808B3CF0A}"
EndProject
Project("{9A19103F-16F7-4668-BE54-9A1E7A4F7556}") = "MyJavaTest.Domain", "src\MyJavaTest.Domain\MyJavaTest.Domain.csproj", "{BF4D17A1-4564-458F-ABC6-4AB0067F1C1C}"
EndProject
Project("{FAE04EC0-301F-11D3-BF4B-00C04F79EFBC}") = "MyJavaTest.WebClient", "src\MyJavaTest.WebClient\MyJavaTest.WebClient.csproj", "{1BB5F5A4-AB49-4BE8-93D7-229F98A24C1D}"
EndProject
Global
	GlobalSection(SolutionConfigurationPlatforms) = preSolution
		Debug|Any CPU = Debug|Any CPU
		Release|Any CPU = Release|Any CPU
	EndGlobalSection
	GlobalSection(ProjectConfigurationPlatforms) = postSolution
		{C35F3D7A-F1E4-4FA3-B6C4-6A37FC9FEDDF}.Debug|Any CPU.ActiveCfg = Debug|Any CPU
		{C35F3D7A-F1E4-4FA3-B6C4-6A37FC9FEDDF}.Debug|Any CPU.Build.0 = Debug|Any CPU
		{C35F3D7A-F1E4-4FA3-B6C4-6A37FC9FEDDF}.Release|Any CPU.ActiveCfg = Release|Any CPU
		{C35F3D7A-F1E4-4FA3-B6C4-6A37FC9FEDDF}.Release|Any CPU.Build.0 = Release|Any CPU
		{541078E6-A11F-419F-BCCF-6E9AAFC24BD5}.Debug|Any CPU.ActiveCfg = Debug|Any CPU
		{541078E6-A11F-419F-BCCF-6E9AAFC24BD5}.Debug|Any CPU.Build.0 = Debug|Any CPU
		{541078E6-A11F-419F-BCCF-6E9AAFC24BD5}.Release|Any CPU.ActiveCfg = Release|Any CPU
		{541078E6-A11F-419F-BCCF-6E9AAFC24BD5}.Release|Any CPU.Build.0 = Release|Any CPU
		{2BE7386F-2677-48BB-A6CD-6A64336B013C}.Debug|Any CPU.ActiveCfg = Debug|Any CPU
		{2BE7386F-2677-48BB-A6CD-6A64336B013C}.Debug|Any CPU.Build.0 = Debug|Any CPU
		{2BE7386F-2677-48BB-A6CD-6A64336B013C}.Release|Any CPU.ActiveCfg = Release|Any CPU
		{2BE7386F-2677-48BB-A6CD-6A64336B013C}.Release|Any CPU.Build.0 = Release|Any CPU
		{1F8BF2D2-1BA6-4F4B-B8D5-E3A808B3CF0A}.Debug|Any CPU.ActiveCfg = Debug|Any CPU
		{1F8BF2D2-1BA6-4F4B-B8D5-E3A808B3CF0A}.Debug|Any CPU.Build.0 = Debug|Any CPU
		{1F8BF2D2-1BA6-4F4B-B8D5-E3A808B3CF0A}.Release|Any CPU.ActiveCfg = Release|Any CPU
		{1F8BF2D2-1BA6-4F4B-B8D5-E3A808B3CF0A}.Release|Any CPU.Build.0 = Release|Any CPU
		{BF4D17A1-4564-458F-ABC6-4AB0067F1C1C}.Debug|Any CPU.ActiveCfg = Debug|Any CPU
		{BF4D17A1-4564-458F-ABC6-4AB0067F1C1C}.Debug|Any CPU.Build.0 = Debug|Any CPU
		{BF4D17A1-4564-458F-ABC6-4AB0067F1C1C}.Release|Any CPU.ActiveCfg = Release|Any CPU
		{BF4D17A1-4564-458F-ABC6-4AB0067F1C1C}.Release|Any CPU.Build.0 = Release|Any CPU
		{1BB5F5A4-AB49-4BE8-93D7-229F98A24C1D}.Debug|Any CPU.ActiveCfg = Debug|Any CPU
		{1BB5F5A4-AB49-4BE8-93D7-229F98A24C1D}.Debug|Any CPU.Build.0 = Debug|Any CPU
		{1BB5F5A4-AB49-4BE8-93D7-229F98A24C1D}.Release|Any CPU.ActiveCfg = Release|Any CPU
		{1BB5F5A4-AB49-4BE8-93D7-229F98A24C1D}.Release|Any CPU.Build.0 = Release|Any CPU
	EndGlobalSection
	GlobalSection(SolutionProperties) = preSolution
		HideSolutionNode = FALSE
	EndGlobalSection
	GlobalSection(ExtensibilityGlobals) = postSolution
		SolutionGuid = {BB0FACDF-EC9D-4293-B0EA-F621C8DDD307}
	EndGlobalSection
EndGlobal
